{
  "name": "yaroslavpysarone",
  "version": "1.0.0",
  "lockfileVersion": 3,
  "requires": true,
  "packages": {
    "": {
      "name": "yaroslavpysarone",
      "version": "1.0.0",
      "license": "MIT",
      "dependencies": {
        "yaroslavpysartoo": "^1.0.1"
      }
    },
    "node_modules/yaroslavpysarone": {
      "version": "1.0.0",
      "resolved": "https://registry.npmjs.org/yaroslavpysarone/-/yaroslavpysarone-1.0.0.tgz",
      "integrity": "sha512-nCkVMQwkhoiWKKO1JpPMUOfmFbetTBFEL01RDNDIVnszKzsz0REDS2IU/C/e73r4JAlLZotjzoktcIPjXdGJfQ==",
      "license": "MIT"
    },
    "node_modules/yaroslavpysartoo": {
      "version": "1.0.1",
      "resolved": "https://registry.npmjs.org/yaroslavpysartoo/-/yaroslavpysartoo-1.0.1.tgz",
      "integrity": "sha512-ggq7UAaCafqospYq0RXBELdwEsazJzy8oq/t32szRUYIYROuuQcHNRYrFxCFCJAU8MRJuLInNCRtCABW7y7l+g==",
      "license": "MIT",
      "dependencies": {
        "yaroslavpysarone": "^1.0.0"
      }
    }
  }
}
